
Microsoft Visual Studio Solution File, Format Version 12.00
# Visual Studio Version 17
VisualStudioVersion = 17.9.34728.123
MinimumVisualStudioVersion = 10.0.40219.1
Project("{9A19103F-16F7-4668-BE54-9A1E7A4F7556}") = "tview.nmap.shellv1", "tview.nmap.shellv1.csproj", "{6B92BC0F-407E-4569-BF50-229A21B8A313}"
EndProject
Global
	GlobalSection(SolutionConfigurationPlatforms) = preSolution
		Debug|Any CPU = Debug|Any CPU
		Release|Any CPU = Release|Any CPU
	EndGlobalSection
	GlobalSection(ProjectConfigurationPlatforms) = postSolution
		{6B92BC0F-407E-4569-BF50-229A21B8A313}.Debug|Any CPU.ActiveCfg = Debug|Any CPU
		{6B92BC0F-407E-4569-BF50-229A21B8A313}.Debug|Any CPU.Build.0 = Debug|Any CPU
		{6B92BC0F-407E-4569-BF50-229A21B8A313}.Release|Any CPU.ActiveCfg = Release|Any CPU
		{6B92BC0F-407E-4569-BF50-229A21B8A313}.Release|Any CPU.Build.0 = Release|Any CPU
	EndGlobalSection
	GlobalSection(SolutionProperties) = preSolution
		HideSolutionNode = FALSE
	EndGlobalSection
	GlobalSection(ExtensibilityGlobals) = postSolution
		SolutionGuid = {D00E5959-A3BC-4C27-ABFE-EE9BE6FE59EB}
	EndGlobalSection
EndGlobal
